
Microsoft Visual Studio Solution File, Format Version 12.00
# Visual Studio Version 17
VisualStudioVersion = 17.0.31919.166
MinimumVisualStudioVersion = 10.0.40219.1
Project("{9A19103F-16F7-4668-BE54-9A1E7A4F7556}") = "TerminalGuiVimlikeBindingsExample", "TerminalGuiVimlikeBindingsExample.csproj", "{23E24AC7-3038-4319-9D2A-4098B2073D97}"
EndProject
Global
	GlobalSection(SolutionConfigurationPlatforms) = preSolution
		Debug|Any CPU = Debug|Any CPU
		Release|Any CPU = Release|Any CPU
	EndGlobalSection
	GlobalSection(ProjectConfigurationPlatforms) = postSolution
		{23E24AC7-3038-4319-9D2A-4098B2073D97}.Debug|Any CPU.ActiveCfg = Debug|Any CPU
		{23E24AC7-3038-4319-9D2A-4098B2073D97}.Debug|Any CPU.Build.0 = Debug|Any CPU
		{23E24AC7-3038-4319-9D2A-4098B2073D97}.Release|Any CPU.ActiveCfg = Release|Any CPU
		{23E24AC7-3038-4319-9D2A-4098B2073D97}.Release|Any CPU.Build.0 = Release|Any CPU
	EndGlobalSection
	GlobalSection(SolutionProperties) = preSolution
		HideSolutionNode = FALSE
	EndGlobalSection
	GlobalSection(ExtensibilityGlobals) = postSolution
		SolutionGuid = {7E287269-849D-4BFF-93E9-58EF590BA63E}
	EndGlobalSection
EndGlobal
